
Microsoft Visual Studio Solution File, Format Version 12.00
# Visual Studio Version 17
VisualStudioVersion = 17.5.002.0
MinimumVisualStudioVersion = 10.0.40219.1
Project("{9A19103F-16F7-4668-BE54-9A1E7A4F7556}") = "DesafioPOO", "DesafioPOO.csproj", "{80A64B58-8EB7-4AC9-8309-D3767C04DCF4}"
EndProject
Global
	GlobalSection(SolutionConfigurationPlatforms) = preSolution
		Debug|Any CPU = Debug|Any CPU
		Release|Any CPU = Release|Any CPU
	EndGlobalSection
	GlobalSection(ProjectConfigurationPlatforms) = postSolution
		{80A64B58-8EB7-4AC9-8309-D3767C04DCF4}.Debug|Any CPU.ActiveCfg = Debug|Any CPU
		{80A64B58-8EB7-4AC9-8309-D3767C04DCF4}.Debug|Any CPU.Build.0 = Debug|Any CPU
		{80A64B58-8EB7-4AC9-8309-D3767C04DCF4}.Release|Any CPU.ActiveCfg = Release|Any CPU
		{80A64B58-8EB7-4AC9-8309-D3767C04DCF4}.Release|Any CPU.Build.0 = Release|Any CPU
	EndGlobalSection
	GlobalSection(SolutionProperties) = preSolution
		HideSolutionNode = FALSE
	EndGlobalSection
	GlobalSection(ExtensibilityGlobals) = postSolution
		SolutionGuid = {3771DA17-2410-4ABA-9FBA-5746775301A1}
	EndGlobalSection
EndGlobal
